
Microsoft Visual Studio Solution File, Format Version 12.00
# Visual Studio 15
VisualStudioVersion = 15.0.27130.2024
MinimumVisualStudioVersion = 10.0.40219.1
Project("{FAE04EC0-301F-11D3-BF4B-00C04F79EFBC}") = "Git_test", "Git_test\Git_test.csproj", "{8CDE669D-5408-4F00-9681-8D9E2A9F0D82}"
EndProject
Global
	GlobalSection(SolutionConfigurationPlatforms) = preSolution
		Debug|Any CPU = Debug|Any CPU
		Release|Any CPU = Release|Any CPU
	EndGlobalSection
	GlobalSection(ProjectConfigurationPlatforms) = postSolution
		{8CDE669D-5408-4F00-9681-8D9E2A9F0D82}.Debug|Any CPU.ActiveCfg = Debug|Any CPU
		{8CDE669D-5408-4F00-9681-8D9E2A9F0D82}.Debug|Any CPU.Build.0 = Debug|Any CPU
		{8CDE669D-5408-4F00-9681-8D9E2A9F0D82}.Release|Any CPU.ActiveCfg = Release|Any CPU
		{8CDE669D-5408-4F00-9681-8D9E2A9F0D82}.Release|Any CPU.Build.0 = Release|Any CPU
	EndGlobalSection
	GlobalSection(SolutionProperties) = preSolution
		HideSolutionNode = FALSE
	EndGlobalSection
	GlobalSection(ExtensibilityGlobals) = postSolution
		SolutionGuid = {FFA9F5CC-6822-4436-AA97-1EA9EC47D340}
	EndGlobalSection
EndGlobal
